{
  "version": 4,
  "terraform_version": "1.1.9",
  "serial": 41,
  "lineage": "f574d926-5e4b-4009-7f57-0b4312e27531",
  "outputs": {},
  "resources": [
    {
      "module": "module.minecraft-one-eighteen.module.dns",
      "mode": "managed",
      "type": "google_dns_managed_zone",
      "name": "default",
      "provider": "provider[\"registry.terraform.io/hashicorp/google\"]",
      "instances": [
        {
          "schema_version": 0,
          "attributes": {
            "description": "Managed by Terraform",
            "dns_name": "one.eighteen.minecraft.jcjolley.com.",
            "dnssec_config": [],
            "force_destroy": false,
            "forwarding_config": [],
            "id": "projects/abstract-code-308212/managedZones/dns-zone-one-eighteen",
            "labels": {},
            "name": "dns-zone-one-eighteen",
            "name_servers": [
              "ns-cloud-e1.googledomains.com.",
              "ns-cloud-e2.googledomains.com.",
              "ns-cloud-e3.googledomains.com.",
              "ns-cloud-e4.googledomains.com."
            ],
            "peering_config": [],
            "private_visibility_config": [],
            "project": "abstract-code-308212",
            "timeouts": null,
            "visibility": "public"
          },
          "sensitive_attributes": [],
          "private": "eyJlMmJmYjczMC1lY2FhLTExZTYtOGY4OC0zNDM2M2JjN2M0YzAiOnsiY3JlYXRlIjoxMjAwMDAwMDAwMDAwLCJkZWxldGUiOjEyMDAwMDAwMDAwMDAsInVwZGF0ZSI6MTIwMDAwMDAwMDAwMH19",
          "dependencies": [
            "module.minecraft-one-eighteen.module.minecraft_gce.google_compute_address.default",
            "module.minecraft-one-eighteen.module.minecraft_gce.google_compute_disk.default",
            "module.minecraft-one-eighteen.module.minecraft_gce.google_compute_disk_resource_policy_attachment.attachment",
            "module.minecraft-one-eighteen.module.minecraft_gce.google_compute_instance.default",
            "module.minecraft-one-eighteen.module.minecraft_gce.google_compute_resource_policy.default",
            "module.minecraft-one-eighteen.module.service_account.google_service_account.default"
          ]
        }
      ]
    },
    {
      "module": "module.minecraft-one-eighteen.module.dns",
      "mode": "managed",
      "type": "google_dns_record_set",
      "name": "default",
      "provider": "provider[\"registry.terraform.io/hashicorp/google\"]",
      "instances": [
        {
          "schema_version": 0,
          "attributes": {
            "id": "projects/abstract-code-308212/managedZones/dns-zone-one-eighteen/rrsets/a-record.one.eighteen.minecraft.jcjolley.com./A",
            "managed_zone": "dns-zone-one-eighteen",
            "name": "a-record.one.eighteen.minecraft.jcjolley.com.",
            "project": "abstract-code-308212",
            "rrdatas": [
              "34.134.255.203"
            ],
            "ttl": 300,
            "type": "A"
          },
          "sensitive_attributes": [],
          "private": "bnVsbA==",
          "dependencies": [
            "module.minecraft-one-eighteen.module.dns.google_dns_managed_zone.default",
            "module.minecraft-one-eighteen.module.minecraft_gce.google_compute_address.default",
            "module.minecraft-one-eighteen.module.minecraft_gce.google_compute_disk.default",
            "module.minecraft-one-eighteen.module.minecraft_gce.google_compute_disk_resource_policy_attachment.attachment",
            "module.minecraft-one-eighteen.module.minecraft_gce.google_compute_instance.default",
            "module.minecraft-one-eighteen.module.minecraft_gce.google_compute_resource_policy.default",
            "module.minecraft-one-eighteen.module.service_account.google_service_account.default"
          ]
        }
      ]
    },
    {
      "module": "module.minecraft-one-eighteen.module.minecraft_gce",
      "mode": "managed",
      "type": "google_compute_address",
      "name": "default",
      "provider": "provider[\"registry.terraform.io/hashicorp/google\"]",
      "instances": [
        {
          "schema_version": 0,
          "attributes": {
            "address": "34.134.255.203",
            "address_type": "EXTERNAL",
            "creation_timestamp": "2022-05-15T12:41:17.591-07:00",
            "description": "",
            "id": "projects/abstract-code-308212/regions/us-central1/addresses/minecraft-one-eighteen-ip",
            "name": "minecraft-one-eighteen-ip",
            "network": "",
            "network_tier": "PREMIUM",
            "prefix_length": 0,
            "project": "abstract-code-308212",
            "purpose": "",
            "region": "us-central1",
            "self_link": "https://www.googleapis.com/compute/v1/projects/abstract-code-308212/regions/us-central1/addresses/minecraft-one-eighteen-ip",
            "subnetwork": "",
            "timeouts": {
              "create": null,
              "delete": null
            },
            "users": [
              "https://www.googleapis.com/compute/v1/projects/abstract-code-308212/zones/us-central1-a/instances/minecraft-one-eighteen-server"
            ]
          },
          "sensitive_attributes": [],
          "private": "eyJlMmJmYjczMC1lY2FhLTExZTYtOGY4OC0zNDM2M2JjN2M0YzAiOnsiY3JlYXRlIjoxMjAwMDAwMDAwMDAwLCJkZWxldGUiOjEyMDAwMDAwMDAwMDB9LCJzY2hlbWFfdmVyc2lvbiI6IjAifQ=="
        }
      ]
    },
    {
      "module": "module.minecraft-one-eighteen.module.minecraft_gce",
      "mode": "managed",
      "type": "google_compute_disk",
      "name": "default",
      "provider": "provider[\"registry.terraform.io/hashicorp/google\"]",
      "instances": [
        {
          "schema_version": 0,
          "attributes": {
            "creation_timestamp": "2022-05-15T15:28:31.661-07:00",
            "description": "",
            "disk_encryption_key": [],
            "id": "projects/abstract-code-308212/zones/us-central1-a/disks/minecraft-one-eighteen-disk",
            "image": "https://www.googleapis.com/compute/v1/projects/ubuntu-os-cloud/global/images/ubuntu-2204-jammy-v20220506",
            "label_fingerprint": "42WmSpB8rSM=",
            "labels": {},
            "last_attach_timestamp": "2022-05-16T16:18:30.278-07:00",
            "last_detach_timestamp": "",
            "name": "minecraft-one-eighteen-disk",
            "physical_block_size_bytes": 4096,
            "project": "abstract-code-308212",
            "provisioned_iops": 0,
            "self_link": "https://www.googleapis.com/compute/v1/projects/abstract-code-308212/zones/us-central1-a/disks/minecraft-one-eighteen-disk",
            "size": 10,
            "snapshot": "",
            "source_image_encryption_key": [],
            "source_image_id": "8593450171928970010",
            "source_snapshot_encryption_key": [],
            "source_snapshot_id": "",
            "timeouts": null,
            "type": "pd-ssd",
            "users": [
              "https://www.googleapis.com/compute/v1/projects/abstract-code-308212/zones/us-central1-a/instances/minecraft-one-eighteen-server"
            ],
            "zone": "us-central1-a"
          },
          "sensitive_attributes": [],
          "private": "eyJlMmJmYjczMC1lY2FhLTExZTYtOGY4OC0zNDM2M2JjN2M0YzAiOnsiY3JlYXRlIjoxMjAwMDAwMDAwMDAwLCJkZWxldGUiOjEyMDAwMDAwMDAwMDAsInVwZGF0ZSI6MTIwMDAwMDAwMDAwMH19"
        }
      ]
    },
    {
      "module": "module.minecraft-one-eighteen.module.minecraft_gce",
      "mode": "managed",
      "type": "google_compute_disk_resource_policy_attachment",
      "name": "attachment",
      "provider": "provider[\"registry.terraform.io/hashicorp/google\"]",
      "instances": [
        {
          "schema_version": 0,
          "attributes": {
            "disk": "minecraft-one-eighteen-disk",
            "id": "abstract-code-308212/us-central1-a/minecraft-one-eighteen-disk/minecraft-one-eighteen-snapshot-schedule",
            "name": "minecraft-one-eighteen-snapshot-schedule",
            "project": "abstract-code-308212",
            "timeouts": null,
            "zone": "us-central1-a"
          },
          "sensitive_attributes": [],
          "private": "eyJlMmJmYjczMC1lY2FhLTExZTYtOGY4OC0zNDM2M2JjN2M0YzAiOnsiY3JlYXRlIjoxMjAwMDAwMDAwMDAwLCJkZWxldGUiOjEyMDAwMDAwMDAwMDB9fQ==",
          "dependencies": [
            "module.minecraft-one-eighteen.module.minecraft_gce.google_compute_disk.default",
            "module.minecraft-one-eighteen.module.minecraft_gce.google_compute_resource_policy.default"
          ]
        }
      ]
    },
    {
      "module": "module.minecraft-one-eighteen.module.minecraft_gce",
      "mode": "managed",
      "type": "google_compute_instance",
      "name": "default",
      "provider": "provider[\"registry.terraform.io/hashicorp/google\"]",
      "instances": [
        {
          "schema_version": 6,
          "attributes": {
            "advanced_machine_features": [],
            "allow_stopping_for_update": true,
            "attached_disk": [],
            "boot_disk": [
              {
                "auto_delete": false,
                "device_name": "persistent-disk-0",
                "disk_encryption_key_raw": "",
                "disk_encryption_key_sha256": "",
                "initialize_params": [
                  {
                    "image": "https://www.googleapis.com/compute/v1/projects/ubuntu-os-cloud/global/images/ubuntu-2204-jammy-v20220506",
                    "labels": {},
                    "size": 10,
                    "type": "pd-ssd"
                  }
                ],
                "kms_key_self_link": "",
                "mode": "READ_WRITE",
                "source": "https://www.googleapis.com/compute/v1/projects/abstract-code-308212/zones/us-central1-a/disks/minecraft-one-eighteen-disk"
              }
            ],
            "can_ip_forward": false,
            "confidential_instance_config": [],
            "cpu_platform": "Intel Cascade Lake",
            "current_status": "RUNNING",
            "deletion_protection": false,
            "description": "",
            "desired_status": null,
            "enable_display": false,
            "guest_accelerator": [],
            "hostname": "",
            "id": "projects/abstract-code-308212/zones/us-central1-a/instances/minecraft-one-eighteen-server",
            "instance_id": "2456366175688287530",
            "label_fingerprint": "42WmSpB8rSM=",
            "labels": {},
            "machine_type": "c2-standard-8",
            "metadata": {
              "shutdown-script": "#!/bin/sh\n\nPREMPTED=$(curl \"http://metadata.google.internal/computeMetadata/v1/instance/preempted\" \\\n                -H \" Metadata-Flavor: Google\")\n\nif [$PREMPTED = \"TRUE\"]; then\n    /usr/bin/screen -p 0 -S mc-vanilla -X eval 'stuff \"say This minecraft server instance is b\neing prempted by Google. It will be automatically restarted as soon as possible.  If it has\nnot restarted in 10 minutes, manually restart.  Sorry for the inconvenience\"\\015'\nelse\n    /usr/bin/screen -p 0 -S mc-vanilla -X eval 'stuff \"say The server is shutting down!\"\\015'\nfi\n\nservice minecraft@vanilla stop\nwall \"Shutting down the instance\"\n"
            },
            "metadata_fingerprint": "M1akAml-Gbs=",
            "metadata_startup_script": null,
            "min_cpu_platform": "",
            "name": "minecraft-one-eighteen-server",
            "network_interface": [
              {
                "access_config": [
                  {
                    "nat_ip": "34.134.255.203",
                    "network_tier": "PREMIUM",
                    "public_ptr_domain_name": ""
                  }
                ],
                "alias_ip_range": [],
                "ipv6_access_config": [],
                "ipv6_access_type": "",
                "name": "nic0",
                "network": "https://www.googleapis.com/compute/v1/projects/abstract-code-308212/global/networks/default",
                "network_ip": "10.128.0.6",
                "nic_type": "",
                "queue_count": 0,
                "stack_type": "IPV4_ONLY",
                "subnetwork": "https://www.googleapis.com/compute/v1/projects/abstract-code-308212/regions/us-central1/subnetworks/default",
                "subnetwork_project": "abstract-code-308212"
              }
            ],
            "project": "abstract-code-308212",
            "reservation_affinity": [],
            "resource_policies": [],
            "scheduling": [
              {
                "automatic_restart": false,
                "min_node_cpus": 0,
                "node_affinities": [],
                "on_host_maintenance": "TERMINATE",
                "preemptible": true,
                "provisioning_model": ""
              }
            ],
            "scratch_disk": [],
            "self_link": "https://www.googleapis.com/compute/v1/projects/abstract-code-308212/zones/us-central1-a/instances/minecraft-one-eighteen-server",
            "service_account": [
              {
                "email": "minecraft-gce-sa-one-eighteen@abstract-code-308212.iam.gserviceaccount.com",
                "scopes": [
                  "https://www.googleapis.com/auth/cloud-platform"
                ]
              }
            ],
            "shielded_instance_config": [
              {
                "enable_integrity_monitoring": true,
                "enable_secure_boot": false,
                "enable_vtpm": true
              }
            ],
            "tags": [
              "minecraft-server"
            ],
            "tags_fingerprint": "eKJo3f3n-AU=",
            "timeouts": null,
            "zone": "us-central1-a"
          },
          "sensitive_attributes": [],
          "private": "eyJlMmJmYjczMC1lY2FhLTExZTYtOGY4OC0zNDM2M2JjN2M0YzAiOnsiY3JlYXRlIjoxMjAwMDAwMDAwMDAwLCJkZWxldGUiOjEyMDAwMDAwMDAwMDAsInVwZGF0ZSI6MTIwMDAwMDAwMDAwMH0sInNjaGVtYV92ZXJzaW9uIjoiNiJ9",
          "dependencies": [
            "module.minecraft-one-eighteen.module.minecraft_gce.google_compute_address.default",
            "module.minecraft-one-eighteen.module.minecraft_gce.google_compute_disk.default",
            "module.minecraft-one-eighteen.module.service_account.google_service_account.default"
          ]
        }
      ]
    },
    {
      "module": "module.minecraft-one-eighteen.module.minecraft_gce",
      "mode": "managed",
      "type": "google_compute_resource_policy",
      "name": "default",
      "provider": "provider[\"registry.terraform.io/hashicorp/google\"]",
      "instances": [
        {
          "schema_version": 0,
          "attributes": {
            "description": "",
            "group_placement_policy": [],
            "id": "projects/abstract-code-308212/regions/us-central1/resourcePolicies/minecraft-one-eighteen-snapshot-schedule",
            "instance_schedule_policy": [],
            "name": "minecraft-one-eighteen-snapshot-schedule",
            "project": "abstract-code-308212",
            "region": "https://www.googleapis.com/compute/v1/projects/abstract-code-308212/regions/us-central1",
            "self_link": "https://www.googleapis.com/compute/v1/projects/abstract-code-308212/regions/us-central1/resourcePolicies/minecraft-one-eighteen-snapshot-schedule",
            "snapshot_schedule_policy": [
              {
                "retention_policy": [
                  {
                    "max_retention_days": 2,
                    "on_source_disk_delete": "KEEP_AUTO_SNAPSHOTS"
                  }
                ],
                "schedule": [
                  {
                    "daily_schedule": [
                      {
                        "days_in_cycle": 1,
                        "start_time": "08:00"
                      }
                    ],
                    "hourly_schedule": [],
                    "weekly_schedule": []
                  }
                ],
                "snapshot_properties": []
              }
            ],
            "timeouts": null
          },
          "sensitive_attributes": [],
          "private": "eyJlMmJmYjczMC1lY2FhLTExZTYtOGY4OC0zNDM2M2JjN2M0YzAiOnsiY3JlYXRlIjoxMjAwMDAwMDAwMDAwLCJkZWxldGUiOjEyMDAwMDAwMDAwMDB9fQ=="
        }
      ]
    },
    {
      "module": "module.minecraft-one-eighteen.module.server_status_fn",
      "mode": "managed",
      "type": "google_cloudfunctions_function",
      "name": "default",
      "provider": "provider[\"registry.terraform.io/hashicorp/google\"]",
      "instances": [
        {
          "schema_version": 0,
          "attributes": {
            "available_memory_mb": 128,
            "build_environment_variables": null,
            "description": "Function to check the current status of the minecraft server",
            "entry_point": "stats",
            "environment_variables": {
              "DOMAIN": "one.eighteen.minecraft.jcjolley.com",
              "PROJECT_ID": "abstract-code-308212"
            },
            "event_trigger": [],
            "https_trigger_url": "https://us-central1-abstract-code-308212.cloudfunctions.net/get-server-status-one-eighteen",
            "id": "projects/abstract-code-308212/locations/us-central1/functions/get-server-status-one-eighteen",
            "ingress_settings": "ALLOW_ALL",
            "labels": {},
            "max_instances": 0,
            "min_instances": 0,
            "name": "get-server-status-one-eighteen",
            "project": "abstract-code-308212",
            "region": "us-central1",
            "runtime": "nodejs14",
            "secret_environment_variables": [],
            "secret_volumes": [],
            "service_account_email": "minecraft-gce-sa-one-eighteen@abstract-code-308212.iam.gserviceaccount.com",
            "source_archive_bucket": "get-server-status-one-eighteen-src-bucket",
            "source_archive_object": "index.zip",
            "source_repository": [],
            "timeout": 60,
            "timeouts": null,
            "trigger_http": true,
            "vpc_connector": "",
            "vpc_connector_egress_settings": ""
          },
          "sensitive_attributes": [],
          "private": "eyJlMmJmYjczMC1lY2FhLTExZTYtOGY4OC0zNDM2M2JjN2M0YzAiOnsiY3JlYXRlIjozMDAwMDAwMDAwMDAsImRlbGV0ZSI6MzAwMDAwMDAwMDAwLCJyZWFkIjozMDAwMDAwMDAwMDAsInVwZGF0ZSI6MzAwMDAwMDAwMDAwfX0=",
          "dependencies": [
            "module.minecraft-one-eighteen.module.dns.google_dns_managed_zone.default",
            "module.minecraft-one-eighteen.module.dns.google_dns_record_set.default",
            "module.minecraft-one-eighteen.module.minecraft_gce.google_compute_address.default",
            "module.minecraft-one-eighteen.module.minecraft_gce.google_compute_disk.default",
            "module.minecraft-one-eighteen.module.minecraft_gce.google_compute_disk_resource_policy_attachment.attachment",
            "module.minecraft-one-eighteen.module.minecraft_gce.google_compute_instance.default",
            "module.minecraft-one-eighteen.module.minecraft_gce.google_compute_resource_policy.default",
            "module.minecraft-one-eighteen.module.server_status_fn.google_storage_bucket.default",
            "module.minecraft-one-eighteen.module.server_status_fn.google_storage_bucket_object.default",
            "module.minecraft-one-eighteen.module.service_account.google_service_account.default"
          ]
        }
      ]
    },
    {
      "module": "module.minecraft-one-eighteen.module.server_status_fn",
      "mode": "managed",
      "type": "google_cloudfunctions_function_iam_member",
      "name": "default",
      "provider": "provider[\"registry.terraform.io/hashicorp/google\"]",
      "instances": [
        {
          "schema_version": 0,
          "attributes": {
            "cloud_function": "projects/abstract-code-308212/locations/us-central1/functions/get-server-status-one-eighteen",
            "condition": [],
            "etag": "BwXfKUHoRNc=",
            "id": "projects/abstract-code-308212/locations/us-central1/functions/get-server-status-one-eighteen/roles/cloudfunctions.invoker/allUsers",
            "member": "allUsers",
            "project": "abstract-code-308212",
            "region": "us-central1",
            "role": "roles/cloudfunctions.invoker"
          },
          "sensitive_attributes": [],
          "private": "bnVsbA==",
          "dependencies": [
            "module.minecraft-one-eighteen.module.dns.google_dns_managed_zone.default",
            "module.minecraft-one-eighteen.module.dns.google_dns_record_set.default",
            "module.minecraft-one-eighteen.module.minecraft_gce.google_compute_address.default",
            "module.minecraft-one-eighteen.module.minecraft_gce.google_compute_disk.default",
            "module.minecraft-one-eighteen.module.minecraft_gce.google_compute_disk_resource_policy_attachment.attachment",
            "module.minecraft-one-eighteen.module.minecraft_gce.google_compute_instance.default",
            "module.minecraft-one-eighteen.module.minecraft_gce.google_compute_resource_policy.default",
            "module.minecraft-one-eighteen.module.server_status_fn.google_cloudfunctions_function.default",
            "module.minecraft-one-eighteen.module.server_status_fn.google_storage_bucket.default",
            "module.minecraft-one-eighteen.module.server_status_fn.google_storage_bucket_object.default",
            "module.minecraft-one-eighteen.module.service_account.google_service_account.default"
          ]
        }
      ]
    },
    {
      "module": "module.minecraft-one-eighteen.module.server_status_fn",
      "mode": "managed",
      "type": "google_storage_bucket",
      "name": "default",
      "provider": "provider[\"registry.terraform.io/hashicorp/google\"]",
      "instances": [
        {
          "schema_version": 0,
          "attributes": {
            "cors": [],
            "default_event_based_hold": false,
            "encryption": [],
            "force_destroy": false,
            "id": "get-server-status-one-eighteen-src-bucket",
            "labels": {},
            "lifecycle_rule": [],
            "location": "US",
            "logging": [],
            "name": "get-server-status-one-eighteen-src-bucket",
            "project": "abstract-code-308212",
            "requester_pays": false,
            "retention_policy": [],
            "self_link": "https://www.googleapis.com/storage/v1/b/get-server-status-one-eighteen-src-bucket",
            "storage_class": "STANDARD",
            "timeouts": null,
            "uniform_bucket_level_access": false,
            "url": "gs://get-server-status-one-eighteen-src-bucket",
            "versioning": [],
            "website": []
          },
          "sensitive_attributes": [],
          "private": "eyJlMmJmYjczMC1lY2FhLTExZTYtOGY4OC0zNDM2M2JjN2M0YzAiOnsiY3JlYXRlIjoyNDAwMDAwMDAwMDAsInJlYWQiOjI0MDAwMDAwMDAwMCwidXBkYXRlIjoyNDAwMDAwMDAwMDB9fQ==",
          "dependencies": [
            "module.minecraft-one-eighteen.module.dns.google_dns_managed_zone.default",
            "module.minecraft-one-eighteen.module.dns.google_dns_record_set.default",
            "module.minecraft-one-eighteen.module.minecraft_gce.google_compute_address.default",
            "module.minecraft-one-eighteen.module.minecraft_gce.google_compute_disk.default",
            "module.minecraft-one-eighteen.module.minecraft_gce.google_compute_disk_resource_policy_attachment.attachment",
            "module.minecraft-one-eighteen.module.minecraft_gce.google_compute_instance.default",
            "module.minecraft-one-eighteen.module.minecraft_gce.google_compute_resource_policy.default",
            "module.minecraft-one-eighteen.module.service_account.google_service_account.default"
          ]
        }
      ]
    },
    {
      "module": "module.minecraft-one-eighteen.module.server_status_fn",
      "mode": "managed",
      "type": "google_storage_bucket_object",
      "name": "default",
      "provider": "provider[\"registry.terraform.io/hashicorp/google\"]",
      "instances": [
        {
          "schema_version": 0,
          "attributes": {
            "bucket": "get-server-status-one-eighteen-src-bucket",
            "cache_control": "",
            "content": null,
            "content_disposition": "",
            "content_encoding": "",
            "content_language": "",
            "content_type": "application/zip",
            "crc32c": "pwqFTQ==",
            "customer_encryption": [],
            "detect_md5hash": "Rozo3BayHiyO+9gVwJTlEQ==",
            "event_based_hold": false,
            "id": "get-server-status-one-eighteen-src-bucket-index.zip",
            "kms_key_name": "",
            "md5hash": "Rozo3BayHiyO+9gVwJTlEQ==",
            "media_link": "https://storage.googleapis.com/download/storage/v1/b/get-server-status-one-eighteen-src-bucket/o/index.zip?generation=1652743133540913\u0026alt=media",
            "metadata": {},
            "name": "index.zip",
            "output_name": "index.zip",
            "self_link": "https://www.googleapis.com/storage/v1/b/get-server-status-one-eighteen-src-bucket/o/index.zip",
            "source": "../get-server-status-cloud-fn/target/index.zip",
            "storage_class": "STANDARD",
            "temporary_hold": false,
            "timeouts": null
          },
          "sensitive_attributes": [],
          "private": "eyJlMmJmYjczMC1lY2FhLTExZTYtOGY4OC0zNDM2M2JjN2M0YzAiOnsiY3JlYXRlIjoyNDAwMDAwMDAwMDAsImRlbGV0ZSI6MjQwMDAwMDAwMDAwLCJ1cGRhdGUiOjI0MDAwMDAwMDAwMH19",
          "dependencies": [
            "module.minecraft-one-eighteen.module.dns.google_dns_managed_zone.default",
            "module.minecraft-one-eighteen.module.dns.google_dns_record_set.default",
            "module.minecraft-one-eighteen.module.minecraft_gce.google_compute_address.default",
            "module.minecraft-one-eighteen.module.minecraft_gce.google_compute_disk.default",
            "module.minecraft-one-eighteen.module.minecraft_gce.google_compute_disk_resource_policy_attachment.attachment",
            "module.minecraft-one-eighteen.module.minecraft_gce.google_compute_instance.default",
            "module.minecraft-one-eighteen.module.minecraft_gce.google_compute_resource_policy.default",
            "module.minecraft-one-eighteen.module.server_status_fn.google_storage_bucket.default",
            "module.minecraft-one-eighteen.module.service_account.google_service_account.default"
          ]
        }
      ]
    },
    {
      "module": "module.minecraft-one-eighteen.module.service_account",
      "mode": "managed",
      "type": "google_project_iam_member",
      "name": "default",
      "provider": "provider[\"registry.terraform.io/hashicorp/google\"]",
      "instances": [
        {
          "schema_version": 0,
          "attributes": {
            "condition": [],
            "etag": "BwXfFHU8IVA=",
            "id": "abstract-code-308212/roles/editor/serviceAccount:minecraft-gce-sa-one-eighteen@abstract-code-308212.iam.gserviceaccount.com",
            "member": "serviceAccount:minecraft-gce-sa-one-eighteen@abstract-code-308212.iam.gserviceaccount.com",
            "project": "abstract-code-308212",
            "role": "roles/editor"
          },
          "sensitive_attributes": [],
          "private": "bnVsbA==",
          "dependencies": [
            "module.minecraft-one-eighteen.module.service_account.google_service_account.default"
          ]
        }
      ]
    },
    {
      "module": "module.minecraft-one-eighteen.module.service_account",
      "mode": "managed",
      "type": "google_service_account",
      "name": "default",
      "provider": "provider[\"registry.terraform.io/hashicorp/google\"]",
      "instances": [
        {
          "schema_version": 0,
          "attributes": {
            "account_id": "minecraft-gce-sa-one-eighteen",
            "description": "",
            "disabled": false,
            "display_name": "Minecraft GCE Service Account",
            "email": "minecraft-gce-sa-one-eighteen@abstract-code-308212.iam.gserviceaccount.com",
            "id": "projects/abstract-code-308212/serviceAccounts/minecraft-gce-sa-one-eighteen@abstract-code-308212.iam.gserviceaccount.com",
            "name": "projects/abstract-code-308212/serviceAccounts/minecraft-gce-sa-one-eighteen@abstract-code-308212.iam.gserviceaccount.com",
            "project": "abstract-code-308212",
            "timeouts": null,
            "unique_id": "115803587867995446989"
          },
          "sensitive_attributes": [],
          "private": "eyJlMmJmYjczMC1lY2FhLTExZTYtOGY4OC0zNDM2M2JjN2M0YzAiOnsiY3JlYXRlIjozMDAwMDAwMDAwMDB9fQ=="
        }
      ]
    },
    {
      "module": "module.minecraft-one-eighteen.module.shutdown_empty_server_fn",
      "mode": "managed",
      "type": "google_cloudfunctions_function",
      "name": "default",
      "provider": "provider[\"registry.terraform.io/hashicorp/google\"]",
      "instances": [
        {
          "schema_version": 0,
          "attributes": {
            "available_memory_mb": 256,
            "build_environment_variables": null,
            "description": "Function to check the current status of the minecraft server",
            "entry_point": "shutdownWhenNotInUse",
            "environment_variables": {
              "COMPUTE_INSTANCE": "minecraft-one-eighteen-server",
              "DOMAIN": "one.eighteen.minecraft.jcjolley.com.",
              "PROJECT_ID": "abstract-code-308212",
              "SERVER_STATUS_CLOUD_FN_URL": "https://us-central1-abstract-code-308212.cloudfunctions.net/get-server-status-one-eighteen",
              "ZONE": "us-central1-a"
            },
            "event_trigger": [],
            "https_trigger_url": "https://us-central1-abstract-code-308212.cloudfunctions.net/shutdown-empty-server-one-eighteen",
            "id": "projects/abstract-code-308212/locations/us-central1/functions/shutdown-empty-server-one-eighteen",
            "ingress_settings": "ALLOW_ALL",
            "labels": {},
            "max_instances": 0,
            "min_instances": 0,
            "name": "shutdown-empty-server-one-eighteen",
            "project": "abstract-code-308212",
            "region": "us-central1",
            "runtime": "nodejs14",
            "secret_environment_variables": [],
            "secret_volumes": [],
            "service_account_email": "minecraft-gce-sa-one-eighteen@abstract-code-308212.iam.gserviceaccount.com",
            "source_archive_bucket": "shutdown-empty-server-one-eighteen-src-bucket",
            "source_archive_object": "index.zip",
            "source_repository": [],
            "timeout": 60,
            "timeouts": null,
            "trigger_http": true,
            "vpc_connector": "",
            "vpc_connector_egress_settings": ""
          },
          "sensitive_attributes": [],
          "private": "eyJlMmJmYjczMC1lY2FhLTExZTYtOGY4OC0zNDM2M2JjN2M0YzAiOnsiY3JlYXRlIjozMDAwMDAwMDAwMDAsImRlbGV0ZSI6MzAwMDAwMDAwMDAwLCJyZWFkIjozMDAwMDAwMDAwMDAsInVwZGF0ZSI6MzAwMDAwMDAwMDAwfX0=",
          "dependencies": [
            "module.minecraft-one-eighteen.module.dns.google_dns_managed_zone.default",
            "module.minecraft-one-eighteen.module.dns.google_dns_record_set.default",
            "module.minecraft-one-eighteen.module.minecraft_gce.google_compute_address.default",
            "module.minecraft-one-eighteen.module.minecraft_gce.google_compute_disk.default",
            "module.minecraft-one-eighteen.module.minecraft_gce.google_compute_disk_resource_policy_attachment.attachment",
            "module.minecraft-one-eighteen.module.minecraft_gce.google_compute_instance.default",
            "module.minecraft-one-eighteen.module.minecraft_gce.google_compute_resource_policy.default",
            "module.minecraft-one-eighteen.module.server_status_fn.google_cloudfunctions_function.default",
            "module.minecraft-one-eighteen.module.server_status_fn.google_storage_bucket.default",
            "module.minecraft-one-eighteen.module.server_status_fn.google_storage_bucket_object.default",
            "module.minecraft-one-eighteen.module.service_account.google_service_account.default",
            "module.minecraft-one-eighteen.module.shutdown_empty_server_fn.google_storage_bucket.default",
            "module.minecraft-one-eighteen.module.shutdown_empty_server_fn.google_storage_bucket_object.default"
          ]
        }
      ]
    },
    {
      "module": "module.minecraft-one-eighteen.module.shutdown_empty_server_fn",
      "mode": "managed",
      "type": "google_cloudfunctions_function_iam_member",
      "name": "default",
      "provider": "provider[\"registry.terraform.io/hashicorp/google\"]",
      "instances": [
        {
          "schema_version": 0,
          "attributes": {
            "cloud_function": "projects/abstract-code-308212/locations/us-central1/functions/shutdown-empty-server-one-eighteen",
            "condition": [],
            "etag": "BwXfKUWROgw=",
            "id": "projects/abstract-code-308212/locations/us-central1/functions/shutdown-empty-server-one-eighteen/roles/cloudfunctions.invoker/allUsers",
            "member": "allUsers",
            "project": "abstract-code-308212",
            "region": "us-central1",
            "role": "roles/cloudfunctions.invoker"
          },
          "sensitive_attributes": [],
          "private": "bnVsbA==",
          "dependencies": [
            "module.minecraft-one-eighteen.module.dns.google_dns_managed_zone.default",
            "module.minecraft-one-eighteen.module.dns.google_dns_record_set.default",
            "module.minecraft-one-eighteen.module.minecraft_gce.google_compute_address.default",
            "module.minecraft-one-eighteen.module.minecraft_gce.google_compute_disk.default",
            "module.minecraft-one-eighteen.module.minecraft_gce.google_compute_disk_resource_policy_attachment.attachment",
            "module.minecraft-one-eighteen.module.minecraft_gce.google_compute_instance.default",
            "module.minecraft-one-eighteen.module.minecraft_gce.google_compute_resource_policy.default",
            "module.minecraft-one-eighteen.module.server_status_fn.google_cloudfunctions_function.default",
            "module.minecraft-one-eighteen.module.server_status_fn.google_storage_bucket.default",
            "module.minecraft-one-eighteen.module.server_status_fn.google_storage_bucket_object.default",
            "module.minecraft-one-eighteen.module.service_account.google_service_account.default",
            "module.minecraft-one-eighteen.module.shutdown_empty_server_fn.google_cloudfunctions_function.default",
            "module.minecraft-one-eighteen.module.shutdown_empty_server_fn.google_storage_bucket.default",
            "module.minecraft-one-eighteen.module.shutdown_empty_server_fn.google_storage_bucket_object.default"
          ]
        }
      ]
    },
    {
      "module": "module.minecraft-one-eighteen.module.shutdown_empty_server_fn",
      "mode": "managed",
      "type": "google_storage_bucket",
      "name": "default",
      "provider": "provider[\"registry.terraform.io/hashicorp/google\"]",
      "instances": [
        {
          "schema_version": 0,
          "attributes": {
            "cors": [],
            "default_event_based_hold": false,
            "encryption": [],
            "force_destroy": false,
            "id": "shutdown-empty-server-one-eighteen-src-bucket",
            "labels": {},
            "lifecycle_rule": [],
            "location": "US",
            "logging": [],
            "name": "shutdown-empty-server-one-eighteen-src-bucket",
            "project": "abstract-code-308212",
            "requester_pays": false,
            "retention_policy": [],
            "self_link": "https://www.googleapis.com/storage/v1/b/shutdown-empty-server-one-eighteen-src-bucket",
            "storage_class": "STANDARD",
            "timeouts": null,
            "uniform_bucket_level_access": false,
            "url": "gs://shutdown-empty-server-one-eighteen-src-bucket",
            "versioning": [],
            "website": []
          },
          "sensitive_attributes": [],
          "private": "eyJlMmJmYjczMC1lY2FhLTExZTYtOGY4OC0zNDM2M2JjN2M0YzAiOnsiY3JlYXRlIjoyNDAwMDAwMDAwMDAsInJlYWQiOjI0MDAwMDAwMDAwMCwidXBkYXRlIjoyNDAwMDAwMDAwMDB9fQ==",
          "dependencies": [
            "module.minecraft-one-eighteen.module.dns.google_dns_managed_zone.default",
            "module.minecraft-one-eighteen.module.dns.google_dns_record_set.default",
            "module.minecraft-one-eighteen.module.minecraft_gce.google_compute_address.default",
            "module.minecraft-one-eighteen.module.minecraft_gce.google_compute_disk.default",
            "module.minecraft-one-eighteen.module.minecraft_gce.google_compute_disk_resource_policy_attachment.attachment",
            "module.minecraft-one-eighteen.module.minecraft_gce.google_compute_instance.default",
            "module.minecraft-one-eighteen.module.minecraft_gce.google_compute_resource_policy.default",
            "module.minecraft-one-eighteen.module.service_account.google_service_account.default"
          ]
        }
      ]
    },
    {
      "module": "module.minecraft-one-eighteen.module.shutdown_empty_server_fn",
      "mode": "managed",
      "type": "google_storage_bucket_object",
      "name": "default",
      "provider": "provider[\"registry.terraform.io/hashicorp/google\"]",
      "instances": [
        {
          "schema_version": 0,
          "attributes": {
            "bucket": "shutdown-empty-server-one-eighteen-src-bucket",
            "cache_control": "",
            "content": null,
            "content_disposition": "",
            "content_encoding": "",
            "content_language": "",
            "content_type": "application/zip",
            "crc32c": "f2pYgg==",
            "customer_encryption": [],
            "detect_md5hash": "M7qxmRdPxLNiVp6bsj1O9g==",
            "event_based_hold": false,
            "id": "shutdown-empty-server-one-eighteen-src-bucket-index.zip",
            "kms_key_name": "",
            "md5hash": "M7qxmRdPxLNiVp6bsj1O9g==",
            "media_link": "https://storage.googleapis.com/download/storage/v1/b/shutdown-empty-server-one-eighteen-src-bucket/o/index.zip?generation=1652743133661599\u0026alt=media",
            "metadata": {},
            "name": "index.zip",
            "output_name": "index.zip",
            "self_link": "https://www.googleapis.com/storage/v1/b/shutdown-empty-server-one-eighteen-src-bucket/o/index.zip",
            "source": "../shutdown-empty-server-cloud-fn/target/index.zip",
            "storage_class": "STANDARD",
            "temporary_hold": false,
            "timeouts": null
          },
          "sensitive_attributes": [],
          "private": "eyJlMmJmYjczMC1lY2FhLTExZTYtOGY4OC0zNDM2M2JjN2M0YzAiOnsiY3JlYXRlIjoyNDAwMDAwMDAwMDAsImRlbGV0ZSI6MjQwMDAwMDAwMDAwLCJ1cGRhdGUiOjI0MDAwMDAwMDAwMH19",
          "dependencies": [
            "module.minecraft-one-eighteen.module.dns.google_dns_managed_zone.default",
            "module.minecraft-one-eighteen.module.dns.google_dns_record_set.default",
            "module.minecraft-one-eighteen.module.minecraft_gce.google_compute_address.default",
            "module.minecraft-one-eighteen.module.minecraft_gce.google_compute_disk.default",
            "module.minecraft-one-eighteen.module.minecraft_gce.google_compute_disk_resource_policy_attachment.attachment",
            "module.minecraft-one-eighteen.module.minecraft_gce.google_compute_instance.default",
            "module.minecraft-one-eighteen.module.minecraft_gce.google_compute_resource_policy.default",
            "module.minecraft-one-eighteen.module.service_account.google_service_account.default",
            "module.minecraft-one-eighteen.module.shutdown_empty_server_fn.google_storage_bucket.default"
          ]
        }
      ]
    },
    {
      "module": "module.minecraft-one-eighteen.module.shutdown_schedule",
      "mode": "managed",
      "type": "google_cloud_scheduler_job",
      "name": "default",
      "provider": "provider[\"registry.terraform.io/hashicorp/google\"]",
      "instances": [
        {
          "schema_version": 0,
          "attributes": {
            "app_engine_http_target": [],
            "attempt_deadline": "320s",
            "description": "Every 20 minutes, call shutdown-empty-server-one-eighteen",
            "http_target": [
              {
                "body": "",
                "headers": {},
                "http_method": "GET",
                "oauth_token": [],
                "oidc_token": [],
                "uri": "https://us-central1-abstract-code-308212.cloudfunctions.net/shutdown-empty-server-one-eighteen"
              }
            ],
            "id": "projects/abstract-code-308212/locations/us-central1/jobs/shutdown-empty-server-one-eighteen",
            "name": "shutdown-empty-server-one-eighteen",
            "project": "abstract-code-308212",
            "pubsub_target": [],
            "region": "us-central1",
            "retry_config": [
              {
                "max_backoff_duration": "3600s",
                "max_doublings": 5,
                "max_retry_duration": "0s",
                "min_backoff_duration": "5s",
                "retry_count": 1
              }
            ],
            "schedule": "*/20 * * * *",
            "time_zone": "America/Boise",
            "timeouts": null
          },
          "sensitive_attributes": [],
          "private": "eyJlMmJmYjczMC1lY2FhLTExZTYtOGY4OC0zNDM2M2JjN2M0YzAiOnsiY3JlYXRlIjoxMjAwMDAwMDAwMDAwLCJkZWxldGUiOjEyMDAwMDAwMDAwMDAsInVwZGF0ZSI6MTIwMDAwMDAwMDAwMH19",
          "dependencies": [
            "module.minecraft-one-eighteen.module.dns.google_dns_managed_zone.default",
            "module.minecraft-one-eighteen.module.dns.google_dns_record_set.default",
            "module.minecraft-one-eighteen.module.minecraft_gce.google_compute_address.default",
            "module.minecraft-one-eighteen.module.minecraft_gce.google_compute_disk.default",
            "module.minecraft-one-eighteen.module.minecraft_gce.google_compute_disk_resource_policy_attachment.attachment",
            "module.minecraft-one-eighteen.module.minecraft_gce.google_compute_instance.default",
            "module.minecraft-one-eighteen.module.minecraft_gce.google_compute_resource_policy.default",
            "module.minecraft-one-eighteen.module.server_status_fn.google_cloudfunctions_function.default",
            "module.minecraft-one-eighteen.module.server_status_fn.google_storage_bucket.default",
            "module.minecraft-one-eighteen.module.server_status_fn.google_storage_bucket_object.default",
            "module.minecraft-one-eighteen.module.service_account.google_service_account.default",
            "module.minecraft-one-eighteen.module.shutdown_empty_server_fn.google_cloudfunctions_function.default",
            "module.minecraft-one-eighteen.module.shutdown_empty_server_fn.google_storage_bucket.default",
            "module.minecraft-one-eighteen.module.shutdown_empty_server_fn.google_storage_bucket_object.default"
          ]
        }
      ]
    },
    {
      "module": "module.minecraft-one-eighteen.module.startup_fn",
      "mode": "managed",
      "type": "google_cloudfunctions_function",
      "name": "default",
      "provider": "provider[\"registry.terraform.io/hashicorp/google\"]",
      "instances": [
        {
          "schema_version": 0,
          "attributes": {
            "available_memory_mb": 256,
            "build_environment_variables": null,
            "description": "Function to startup the minecraft server",
            "entry_point": "startServer",
            "environment_variables": {
              "COMPUTE_INSTANCE": "minecraft-one-eighteen-server",
              "DOMAIN": "one.eighteen.minecraft.jcjolley.com.",
              "PROJECT_ID": "abstract-code-308212",
              "SERVER_STATUS_CLOUD_FN_URL": "https://us-central1-abstract-code-308212.cloudfunctions.net/get-server-status-one-eighteen",
              "ZONE": "us-central1-a"
            },
            "event_trigger": [],
            "https_trigger_url": "https://us-central1-abstract-code-308212.cloudfunctions.net/startup-server-one-eighteen",
            "id": "projects/abstract-code-308212/locations/us-central1/functions/startup-server-one-eighteen",
            "ingress_settings": "ALLOW_ALL",
            "labels": {},
            "max_instances": 0,
            "min_instances": 0,
            "name": "startup-server-one-eighteen",
            "project": "abstract-code-308212",
            "region": "us-central1",
            "runtime": "nodejs14",
            "secret_environment_variables": [],
            "secret_volumes": [],
            "service_account_email": "minecraft-gce-sa-one-eighteen@abstract-code-308212.iam.gserviceaccount.com",
            "source_archive_bucket": "startup-server-one-eighteen-src-bucket",
            "source_archive_object": "index.zip",
            "source_repository": [],
            "timeout": 60,
            "timeouts": null,
            "trigger_http": true,
            "vpc_connector": "",
            "vpc_connector_egress_settings": ""
          },
          "sensitive_attributes": [],
          "private": "eyJlMmJmYjczMC1lY2FhLTExZTYtOGY4OC0zNDM2M2JjN2M0YzAiOnsiY3JlYXRlIjozMDAwMDAwMDAwMDAsImRlbGV0ZSI6MzAwMDAwMDAwMDAwLCJyZWFkIjozMDAwMDAwMDAwMDAsInVwZGF0ZSI6MzAwMDAwMDAwMDAwfX0=",
          "dependencies": [
            "module.minecraft-one-eighteen.module.dns.google_dns_managed_zone.default",
            "module.minecraft-one-eighteen.module.dns.google_dns_record_set.default",
            "module.minecraft-one-eighteen.module.minecraft_gce.google_compute_address.default",
            "module.minecraft-one-eighteen.module.minecraft_gce.google_compute_disk.default",
            "module.minecraft-one-eighteen.module.minecraft_gce.google_compute_disk_resource_policy_attachment.attachment",
            "module.minecraft-one-eighteen.module.minecraft_gce.google_compute_instance.default",
            "module.minecraft-one-eighteen.module.minecraft_gce.google_compute_resource_policy.default",
            "module.minecraft-one-eighteen.module.server_status_fn.google_cloudfunctions_function.default",
            "module.minecraft-one-eighteen.module.server_status_fn.google_storage_bucket.default",
            "module.minecraft-one-eighteen.module.server_status_fn.google_storage_bucket_object.default",
            "module.minecraft-one-eighteen.module.service_account.google_service_account.default",
            "module.minecraft-one-eighteen.module.startup_fn.google_storage_bucket.default",
            "module.minecraft-one-eighteen.module.startup_fn.google_storage_bucket_object.default"
          ]
        }
      ]
    },
    {
      "module": "module.minecraft-one-eighteen.module.startup_fn",
      "mode": "managed",
      "type": "google_cloudfunctions_function_iam_member",
      "name": "default",
      "provider": "provider[\"registry.terraform.io/hashicorp/google\"]",
      "instances": [
        {
          "schema_version": 0,
          "attributes": {
            "cloud_function": "projects/abstract-code-308212/locations/us-central1/functions/startup-server-one-eighteen",
            "condition": [],
            "etag": "BwXfKUYsuME=",
            "id": "projects/abstract-code-308212/locations/us-central1/functions/startup-server-one-eighteen/roles/cloudfunctions.invoker/allUsers",
            "member": "allUsers",
            "project": "abstract-code-308212",
            "region": "us-central1",
            "role": "roles/cloudfunctions.invoker"
          },
          "sensitive_attributes": [],
          "private": "bnVsbA==",
          "dependencies": [
            "module.minecraft-one-eighteen.module.dns.google_dns_managed_zone.default",
            "module.minecraft-one-eighteen.module.dns.google_dns_record_set.default",
            "module.minecraft-one-eighteen.module.minecraft_gce.google_compute_address.default",
            "module.minecraft-one-eighteen.module.minecraft_gce.google_compute_disk.default",
            "module.minecraft-one-eighteen.module.minecraft_gce.google_compute_disk_resource_policy_attachment.attachment",
            "module.minecraft-one-eighteen.module.minecraft_gce.google_compute_instance.default",
            "module.minecraft-one-eighteen.module.minecraft_gce.google_compute_resource_policy.default",
            "module.minecraft-one-eighteen.module.server_status_fn.google_cloudfunctions_function.default",
            "module.minecraft-one-eighteen.module.server_status_fn.google_storage_bucket.default",
            "module.minecraft-one-eighteen.module.server_status_fn.google_storage_bucket_object.default",
            "module.minecraft-one-eighteen.module.service_account.google_service_account.default",
            "module.minecraft-one-eighteen.module.startup_fn.google_cloudfunctions_function.default",
            "module.minecraft-one-eighteen.module.startup_fn.google_storage_bucket.default",
            "module.minecraft-one-eighteen.module.startup_fn.google_storage_bucket_object.default"
          ]
        }
      ]
    },
    {
      "module": "module.minecraft-one-eighteen.module.startup_fn",
      "mode": "managed",
      "type": "google_storage_bucket",
      "name": "default",
      "provider": "provider[\"registry.terraform.io/hashicorp/google\"]",
      "instances": [
        {
          "schema_version": 0,
          "attributes": {
            "cors": [],
            "default_event_based_hold": false,
            "encryption": [],
            "force_destroy": false,
            "id": "startup-server-one-eighteen-src-bucket",
            "labels": {},
            "lifecycle_rule": [],
            "location": "US",
            "logging": [],
            "name": "startup-server-one-eighteen-src-bucket",
            "project": "abstract-code-308212",
            "requester_pays": false,
            "retention_policy": [],
            "self_link": "https://www.googleapis.com/storage/v1/b/startup-server-one-eighteen-src-bucket",
            "storage_class": "STANDARD",
            "timeouts": null,
            "uniform_bucket_level_access": false,
            "url": "gs://startup-server-one-eighteen-src-bucket",
            "versioning": [],
            "website": []
          },
          "sensitive_attributes": [],
          "private": "eyJlMmJmYjczMC1lY2FhLTExZTYtOGY4OC0zNDM2M2JjN2M0YzAiOnsiY3JlYXRlIjoyNDAwMDAwMDAwMDAsInJlYWQiOjI0MDAwMDAwMDAwMCwidXBkYXRlIjoyNDAwMDAwMDAwMDB9fQ==",
          "dependencies": [
            "module.minecraft-one-eighteen.module.dns.google_dns_managed_zone.default",
            "module.minecraft-one-eighteen.module.dns.google_dns_record_set.default",
            "module.minecraft-one-eighteen.module.minecraft_gce.google_compute_address.default",
            "module.minecraft-one-eighteen.module.minecraft_gce.google_compute_disk.default",
            "module.minecraft-one-eighteen.module.minecraft_gce.google_compute_disk_resource_policy_attachment.attachment",
            "module.minecraft-one-eighteen.module.minecraft_gce.google_compute_instance.default",
            "module.minecraft-one-eighteen.module.minecraft_gce.google_compute_resource_policy.default",
            "module.minecraft-one-eighteen.module.service_account.google_service_account.default"
          ]
        }
      ]
    },
    {
      "module": "module.minecraft-one-eighteen.module.startup_fn",
      "mode": "managed",
      "type": "google_storage_bucket_object",
      "name": "default",
      "provider": "provider[\"registry.terraform.io/hashicorp/google\"]",
      "instances": [
        {
          "schema_version": 0,
          "attributes": {
            "bucket": "startup-server-one-eighteen-src-bucket",
            "cache_control": "",
            "content": null,
            "content_disposition": "",
            "content_encoding": "",
            "content_language": "",
            "content_type": "application/zip",
            "crc32c": "EBXFOA==",
            "customer_encryption": [],
            "detect_md5hash": "iZ2igE7HO7f7aBZUYovRBA==",
            "event_based_hold": false,
            "id": "startup-server-one-eighteen-src-bucket-index.zip",
            "kms_key_name": "",
            "md5hash": "iZ2igE7HO7f7aBZUYovRBA==",
            "media_link": "https://storage.googleapis.com/download/storage/v1/b/startup-server-one-eighteen-src-bucket/o/index.zip?generation=1652743133540948\u0026alt=media",
            "metadata": {},
            "name": "index.zip",
            "output_name": "index.zip",
            "self_link": "https://www.googleapis.com/storage/v1/b/startup-server-one-eighteen-src-bucket/o/index.zip",
            "source": "../startup-cloud-fn/target/index.zip",
            "storage_class": "STANDARD",
            "temporary_hold": false,
            "timeouts": null
          },
          "sensitive_attributes": [],
          "private": "eyJlMmJmYjczMC1lY2FhLTExZTYtOGY4OC0zNDM2M2JjN2M0YzAiOnsiY3JlYXRlIjoyNDAwMDAwMDAwMDAsImRlbGV0ZSI6MjQwMDAwMDAwMDAwLCJ1cGRhdGUiOjI0MDAwMDAwMDAwMH19",
          "dependencies": [
            "module.minecraft-one-eighteen.module.dns.google_dns_managed_zone.default",
            "module.minecraft-one-eighteen.module.dns.google_dns_record_set.default",
            "module.minecraft-one-eighteen.module.minecraft_gce.google_compute_address.default",
            "module.minecraft-one-eighteen.module.minecraft_gce.google_compute_disk.default",
            "module.minecraft-one-eighteen.module.minecraft_gce.google_compute_disk_resource_policy_attachment.attachment",
            "module.minecraft-one-eighteen.module.minecraft_gce.google_compute_instance.default",
            "module.minecraft-one-eighteen.module.minecraft_gce.google_compute_resource_policy.default",
            "module.minecraft-one-eighteen.module.service_account.google_service_account.default",
            "module.minecraft-one-eighteen.module.startup_fn.google_storage_bucket.default"
          ]
        }
      ]
    }
  ]
}
