{
  "version": 4,
  "terraform_version": "1.1.9",
  "serial": 142,
  "lineage": "f574d926-5e4b-4009-7f57-0b4312e27531",
  "outputs": {},
  "resources": [
    {
      "module": "module.minecraft-one-eighteen.module.dns",
      "mode": "managed",
      "type": "google_dns_managed_zone",
      "name": "default",
      "provider": "provider[\"registry.terraform.io/hashicorp/google\"]",
      "instances": [
        {
          "schema_version": 0,
          "attributes": {
            "description": "Managed by Terraform",
            "dns_name": "jolley-minecraft.com.",
            "dnssec_config": [],
            "force_destroy": false,
            "forwarding_config": [],
            "id": "projects/abstract-code-308212/managedZones/jolley-minecraft-com",
            "labels": {},
            "name": "jolley-minecraft-com",
            "name_servers": [
              "ns-cloud-e1.googledomains.com.",
              "ns-cloud-e2.googledomains.com.",
              "ns-cloud-e3.googledomains.com.",
              "ns-cloud-e4.googledomains.com."
            ],
            "peering_config": [],
            "private_visibility_config": [],
            "project": "abstract-code-308212",
            "timeouts": null,
            "visibility": "public"
          },
          "sensitive_attributes": [],
          "private": "eyJlMmJmYjczMC1lY2FhLTExZTYtOGY4OC0zNDM2M2JjN2M0YzAiOnsiY3JlYXRlIjoxMjAwMDAwMDAwMDAwLCJkZWxldGUiOjEyMDAwMDAwMDAwMDAsInVwZGF0ZSI6MTIwMDAwMDAwMDAwMH19",
          "dependencies": [
            "module.minecraft-one-eighteen.module.minecraft_gce.google_compute_address.default",
            "module.minecraft-one-eighteen.module.minecraft_gce.google_compute_disk.default",
            "module.minecraft-one-eighteen.module.minecraft_gce.google_compute_disk_resource_policy_attachment.attachment",
            "module.minecraft-one-eighteen.module.minecraft_gce.google_compute_instance.default",
            "module.minecraft-one-eighteen.module.minecraft_gce.google_compute_resource_policy.default",
            "module.minecraft-one-eighteen.module.service_account.google_service_account.default"
          ]
        }
      ]
    },
    {
      "module": "module.minecraft-one-eighteen.module.dns",
      "mode": "managed",
      "type": "google_dns_record_set",
      "name": "soa",
      "provider": "provider[\"registry.terraform.io/hashicorp/google\"]",
      "instances": [
        {
          "schema_version": 0,
          "attributes": {
            "id": "projects/abstract-code-308212/managedZones/jolley-minecraft-com/rrsets/jolley-minecraft.com./SOA",
            "managed_zone": "jolley-minecraft-com",
            "name": "jolley-minecraft.com.",
            "project": "abstract-code-308212",
            "rrdatas": [
              "ns-cloud-e1.googledomains.com. cloud-dns-hostmaster.google.com. 1 21600 3600 259200 300"
            ],
            "ttl": 21600,
            "type": "SOA"
          },
          "sensitive_attributes": [],
          "private": "bnVsbA==",
          "dependencies": [
            "module.minecraft-one-eighteen.module.dns.google_dns_managed_zone.default",
            "module.minecraft-one-eighteen.module.minecraft_gce.google_compute_address.default",
            "module.minecraft-one-eighteen.module.minecraft_gce.google_compute_disk.default",
            "module.minecraft-one-eighteen.module.minecraft_gce.google_compute_disk_resource_policy_attachment.attachment",
            "module.minecraft-one-eighteen.module.minecraft_gce.google_compute_instance.default",
            "module.minecraft-one-eighteen.module.minecraft_gce.google_compute_resource_policy.default",
            "module.minecraft-one-eighteen.module.service_account.google_service_account.default"
          ]
        }
      ]
    },
    {
      "module": "module.minecraft-one-eighteen.module.minecraft_gce",
      "mode": "managed",
      "type": "google_compute_address",
      "name": "default",
      "provider": "provider[\"registry.terraform.io/hashicorp/google\"]",
      "instances": [
        {
          "schema_version": 0,
          "attributes": {
            "address": "34.134.255.203",
            "address_type": "EXTERNAL",
            "creation_timestamp": "2022-05-15T12:41:17.591-07:00",
            "description": "",
            "id": "projects/abstract-code-308212/regions/us-central1/addresses/minecraft-one-eighteen-ip",
            "name": "minecraft-one-eighteen-ip",
            "network": "",
            "network_tier": "PREMIUM",
            "prefix_length": 0,
            "project": "abstract-code-308212",
            "purpose": "",
            "region": "us-central1",
            "self_link": "https://www.googleapis.com/compute/v1/projects/abstract-code-308212/regions/us-central1/addresses/minecraft-one-eighteen-ip",
            "subnetwork": "",
            "timeouts": {
              "create": null,
              "delete": null
            },
            "users": [
              "https://www.googleapis.com/compute/v1/projects/abstract-code-308212/zones/us-central1-a/instances/minecraft-one-eighteen-server"
            ]
          },
          "sensitive_attributes": [],
          "private": "eyJlMmJmYjczMC1lY2FhLTExZTYtOGY4OC0zNDM2M2JjN2M0YzAiOnsiY3JlYXRlIjoxMjAwMDAwMDAwMDAwLCJkZWxldGUiOjEyMDAwMDAwMDAwMDB9LCJzY2hlbWFfdmVyc2lvbiI6IjAifQ=="
        }
      ]
    },
    {
      "module": "module.minecraft-one-eighteen.module.minecraft_gce",
      "mode": "managed",
      "type": "google_compute_disk",
      "name": "default",
      "provider": "provider[\"registry.terraform.io/hashicorp/google\"]",
      "instances": [
        {
          "schema_version": 0,
          "attributes": {
            "creation_timestamp": "2022-05-15T15:28:31.661-07:00",
            "description": "",
            "disk_encryption_key": [],
            "id": "projects/abstract-code-308212/zones/us-central1-a/disks/minecraft-one-eighteen-disk",
            "image": "https://www.googleapis.com/compute/v1/projects/ubuntu-os-cloud/global/images/ubuntu-2204-jammy-v20220506",
            "label_fingerprint": "42WmSpB8rSM=",
            "labels": {},
            "last_attach_timestamp": "2022-05-16T16:18:30.278-07:00",
            "last_detach_timestamp": "",
            "name": "minecraft-one-eighteen-disk",
            "physical_block_size_bytes": 4096,
            "project": "abstract-code-308212",
            "provisioned_iops": 0,
            "self_link": "https://www.googleapis.com/compute/v1/projects/abstract-code-308212/zones/us-central1-a/disks/minecraft-one-eighteen-disk",
            "size": 10,
            "snapshot": "",
            "source_image_encryption_key": [],
            "source_image_id": "8593450171928970010",
            "source_snapshot_encryption_key": [],
            "source_snapshot_id": "",
            "timeouts": null,
            "type": "pd-ssd",
            "users": [
              "https://www.googleapis.com/compute/v1/projects/abstract-code-308212/zones/us-central1-a/instances/minecraft-one-eighteen-server"
            ],
            "zone": "us-central1-a"
          },
          "sensitive_attributes": [],
          "private": "eyJlMmJmYjczMC1lY2FhLTExZTYtOGY4OC0zNDM2M2JjN2M0YzAiOnsiY3JlYXRlIjoxMjAwMDAwMDAwMDAwLCJkZWxldGUiOjEyMDAwMDAwMDAwMDAsInVwZGF0ZSI6MTIwMDAwMDAwMDAwMH19"
        }
      ]
    },
    {
      "module": "module.minecraft-one-eighteen.module.minecraft_gce",
      "mode": "managed",
      "type": "google_compute_disk_resource_policy_attachment",
      "name": "attachment",
      "provider": "provider[\"registry.terraform.io/hashicorp/google\"]",
      "instances": [
        {
          "schema_version": 0,
          "attributes": {
            "disk": "minecraft-one-eighteen-disk",
            "id": "abstract-code-308212/us-central1-a/minecraft-one-eighteen-disk/minecraft-one-eighteen-snapshot-schedule",
            "name": "minecraft-one-eighteen-snapshot-schedule",
            "project": "abstract-code-308212",
            "timeouts": null,
            "zone": "us-central1-a"
          },
          "sensitive_attributes": [],
          "private": "eyJlMmJmYjczMC1lY2FhLTExZTYtOGY4OC0zNDM2M2JjN2M0YzAiOnsiY3JlYXRlIjoxMjAwMDAwMDAwMDAwLCJkZWxldGUiOjEyMDAwMDAwMDAwMDB9fQ==",
          "dependencies": [
            "module.minecraft-one-eighteen.module.minecraft_gce.google_compute_disk.default",
            "module.minecraft-one-eighteen.module.minecraft_gce.google_compute_resource_policy.default"
          ]
        }
      ]
    },
    {
      "module": "module.minecraft-one-eighteen.module.minecraft_gce",
      "mode": "managed",
      "type": "google_compute_instance",
      "name": "default",
      "provider": "provider[\"registry.terraform.io/hashicorp/google\"]",
      "instances": [
        {
          "schema_version": 6,
          "attributes": {
            "advanced_machine_features": [],
            "allow_stopping_for_update": true,
            "attached_disk": [],
            "boot_disk": [
              {
                "auto_delete": false,
                "device_name": "persistent-disk-0",
                "disk_encryption_key_raw": "",
                "disk_encryption_key_sha256": "",
                "initialize_params": [
                  {
                    "image": "https://www.googleapis.com/compute/v1/projects/ubuntu-os-cloud/global/images/ubuntu-2204-jammy-v20220506",
                    "labels": {},
                    "size": 10,
                    "type": "pd-ssd"
                  }
                ],
                "kms_key_self_link": "",
                "mode": "READ_WRITE",
                "source": "https://www.googleapis.com/compute/v1/projects/abstract-code-308212/zones/us-central1-a/disks/minecraft-one-eighteen-disk"
              }
            ],
            "can_ip_forward": false,
            "confidential_instance_config": [],
            "cpu_platform": "Intel Cascade Lake",
            "current_status": "RUNNING",
            "deletion_protection": false,
            "description": "",
            "desired_status": null,
            "enable_display": false,
            "guest_accelerator": [],
            "hostname": "",
            "id": "projects/abstract-code-308212/zones/us-central1-a/instances/minecraft-one-eighteen-server",
            "instance_id": "2456366175688287530",
            "label_fingerprint": "42WmSpB8rSM=",
            "labels": {},
            "machine_type": "c2-standard-8",
            "metadata": {
              "shutdown-script": "#!/bin/sh\n\nPREMPTED=$(curl \"http://metadata.google.internal/computeMetadata/v1/instance/preempted\" \\\n                -H \" Metadata-Flavor: Google\")\n\nif [$PREMPTED = \"TRUE\"]; then\n    /usr/bin/screen -p 0 -S mc-vanilla -X eval 'stuff \"say This minecraft server instance is b\neing prempted by Google. It will be automatically restarted as soon as possible.  If it has\nnot restarted in 10 minutes, manually restart.  Sorry for the inconvenience\"\\015'\nelse\n    /usr/bin/screen -p 0 -S mc-vanilla -X eval 'stuff \"say The server is shutting down!\"\\015'\nfi\n\nservice minecraft@vanilla stop\nwall \"Shutting down the instance\"\n"
            },
            "metadata_fingerprint": "M1akAml-Gbs=",
            "metadata_startup_script": null,
            "min_cpu_platform": "",
            "name": "minecraft-one-eighteen-server",
            "network_interface": [
              {
                "access_config": [
                  {
                    "nat_ip": "34.134.255.203",
                    "network_tier": "PREMIUM",
                    "public_ptr_domain_name": ""
                  }
                ],
                "alias_ip_range": [],
                "ipv6_access_config": [],
                "ipv6_access_type": "",
                "name": "nic0",
                "network": "https://www.googleapis.com/compute/v1/projects/abstract-code-308212/global/networks/default",
                "network_ip": "10.128.0.6",
                "nic_type": "",
                "queue_count": 0,
                "stack_type": "IPV4_ONLY",
                "subnetwork": "https://www.googleapis.com/compute/v1/projects/abstract-code-308212/regions/us-central1/subnetworks/default",
                "subnetwork_project": "abstract-code-308212"
              }
            ],
            "project": "abstract-code-308212",
            "reservation_affinity": [],
            "resource_policies": [],
            "scheduling": [
              {
                "automatic_restart": false,
                "min_node_cpus": 0,
                "node_affinities": [],
                "on_host_maintenance": "TERMINATE",
                "preemptible": true,
                "provisioning_model": ""
              }
            ],
            "scratch_disk": [],
            "self_link": "https://www.googleapis.com/compute/v1/projects/abstract-code-308212/zones/us-central1-a/instances/minecraft-one-eighteen-server",
            "service_account": [
              {
                "email": "minecraft-gce-sa-one-eighteen@abstract-code-308212.iam.gserviceaccount.com",
                "scopes": [
                  "https://www.googleapis.com/auth/cloud-platform"
                ]
              }
            ],
            "shielded_instance_config": [
              {
                "enable_integrity_monitoring": true,
                "enable_secure_boot": false,
                "enable_vtpm": true
              }
            ],
            "tags": [
              "minecraft-server"
            ],
            "tags_fingerprint": "eKJo3f3n-AU=",
            "timeouts": null,
            "zone": "us-central1-a"
          },
          "sensitive_attributes": [],
          "private": "eyJlMmJmYjczMC1lY2FhLTExZTYtOGY4OC0zNDM2M2JjN2M0YzAiOnsiY3JlYXRlIjoxMjAwMDAwMDAwMDAwLCJkZWxldGUiOjEyMDAwMDAwMDAwMDAsInVwZGF0ZSI6MTIwMDAwMDAwMDAwMH0sInNjaGVtYV92ZXJzaW9uIjoiNiJ9",
          "dependencies": [
            "module.minecraft-one-eighteen.module.minecraft_gce.google_compute_address.default",
            "module.minecraft-one-eighteen.module.minecraft_gce.google_compute_disk.default",
            "module.minecraft-one-eighteen.module.service_account.google_service_account.default"
          ]
        }
      ]
    },
    {
      "module": "module.minecraft-one-eighteen.module.minecraft_gce",
      "mode": "managed",
      "type": "google_compute_resource_policy",
      "name": "default",
      "provider": "provider[\"registry.terraform.io/hashicorp/google\"]",
      "instances": [
        {
          "schema_version": 0,
          "attributes": {
            "description": "",
            "group_placement_policy": [],
            "id": "projects/abstract-code-308212/regions/us-central1/resourcePolicies/minecraft-one-eighteen-snapshot-schedule",
            "instance_schedule_policy": [],
            "name": "minecraft-one-eighteen-snapshot-schedule",
            "project": "abstract-code-308212",
            "region": "https://www.googleapis.com/compute/v1/projects/abstract-code-308212/regions/us-central1",
            "self_link": "https://www.googleapis.com/compute/v1/projects/abstract-code-308212/regions/us-central1/resourcePolicies/minecraft-one-eighteen-snapshot-schedule",
            "snapshot_schedule_policy": [
              {
                "retention_policy": [
                  {
                    "max_retention_days": 2,
                    "on_source_disk_delete": "KEEP_AUTO_SNAPSHOTS"
                  }
                ],
                "schedule": [
                  {
                    "daily_schedule": [
                      {
                        "days_in_cycle": 1,
                        "start_time": "08:00"
                      }
                    ],
                    "hourly_schedule": [],
                    "weekly_schedule": []
                  }
                ],
                "snapshot_properties": []
              }
            ],
            "timeouts": null
          },
          "sensitive_attributes": [],
          "private": "eyJlMmJmYjczMC1lY2FhLTExZTYtOGY4OC0zNDM2M2JjN2M0YzAiOnsiY3JlYXRlIjoxMjAwMDAwMDAwMDAwLCJkZWxldGUiOjEyMDAwMDAwMDAwMDB9fQ=="
        }
      ]
    },
    {
      "module": "module.minecraft-one-eighteen.module.service_account",
      "mode": "managed",
      "type": "google_service_account",
      "name": "default",
      "provider": "provider[\"registry.terraform.io/hashicorp/google\"]",
      "instances": [
        {
          "schema_version": 0,
          "attributes": {
            "account_id": "minecraft-gce-sa-one-eighteen",
            "description": "",
            "disabled": false,
            "display_name": "Minecraft GCE Service Account",
            "email": "minecraft-gce-sa-one-eighteen@abstract-code-308212.iam.gserviceaccount.com",
            "id": "projects/abstract-code-308212/serviceAccounts/minecraft-gce-sa-one-eighteen@abstract-code-308212.iam.gserviceaccount.com",
            "name": "projects/abstract-code-308212/serviceAccounts/minecraft-gce-sa-one-eighteen@abstract-code-308212.iam.gserviceaccount.com",
            "project": "abstract-code-308212",
            "timeouts": null,
            "unique_id": "115803587867995446989"
          },
          "sensitive_attributes": [],
          "private": "eyJlMmJmYjczMC1lY2FhLTExZTYtOGY4OC0zNDM2M2JjN2M0YzAiOnsiY3JlYXRlIjozMDAwMDAwMDAwMDB9fQ=="
        }
      ]
    }
  ]
}
